# THIS IS AN AUTOGENERATED FILE. DO NOT EDIT THIS FILE DIRECTLY.
# yarn lockfile v1


"@babel/runtime@^7.12.13", "@babel/runtime@^7.12.5":
  version "7.12.13"
  resolved "https://registry.yarnpkg.com/@babel/runtime/-/runtime-7.12.13.tgz#0a21452352b02542db0ffb928ac2d3ca7cb6d66d"
  integrity sha512-8+3UMPBrjFa/6TtKi/7sehPKqfAm4g6K+YQjyyFOLUTxzOngcRZTlAVY8sc2CORJYqdHQY8gRPHmn+qo15rCBw==
  dependencies:
    regenerator-runtime "^0.13.4"

automation-events@^3.0.4:
  version "3.0.5"
  resolved "https://registry.yarnpkg.com/automation-events/-/automation-events-3.0.5.tgz#b1dd1b37499a52d09b9f000d88451b0550e9482f"
  integrity sha512-MWImOUnNkBiqWWAZ8dQLfP139iWjKPDvTQNp8WyYxb8MoFTdsRwxYNTCp3+cBs0UkMb2o0tt0scv1yI7AvG8SA==
  dependencies:
    "@babel/runtime" "^7.12.13"
    tslib "^2.1.0"

regenerator-runtime@^0.13.4:
  version "0.13.7"
  resolved "https://registry.yarnpkg.com/regenerator-runtime/-/regenerator-runtime-0.13.7.tgz#cac2dacc8a1ea675feaabaeb8ae833898ae46f55"
  integrity sha512-a54FxoJDIr27pgf7IgeQGxmqUNYrcV338lf/6gH456HZ/PhX+5BcwHXG9ajESmwe6WRO0tAzRUrRmNONWgkrew==

standardized-audio-context@^25.1.8:
  version "25.1.9"
  resolved "https://registry.yarnpkg.com/standardized-audio-context/-/standardized-audio-context-25.1.9.tgz#110d3e8adc2b142b5e0553cdd0685f11bf62460b"
  integrity sha512-mSbAJL/WrkLt/R41v3RSXeL33iVWo1HR9D8/7KKPrQipNBgNrHVpx+N/KkBA7RXwPS69wMi7zl+TRhkCHI7oMg==
  dependencies:
    "@babel/runtime" "^7.12.5"
    automation-events "^3.0.4"
    tslib "^2.1.0"

tone@^14.7.77:
  version "14.7.77"
  resolved "https://registry.yarnpkg.com/tone/-/tone-14.7.77.tgz#12a2a9f033952ccdb552275a6384ca5d36d4b5ed"
  integrity sha512-tCfK73IkLHyzoKUvGq47gyDyxiKLFvKiVCOobynGgBB9Dl0NkxTM2p+eRJXyCYrjJwy9Y0XCMqD3uOYsYt2Fdg==
  dependencies:
    standardized-audio-context "^25.1.8"
    tslib "^2.0.1"

tslib@^2.0.1, tslib@^2.1.0:
  version "2.1.0"
  resolved "https://registry.yarnpkg.com/tslib/-/tslib-2.1.0.tgz#da60860f1c2ecaa5703ab7d39bc05b6bf988b97a"
  integrity sha512-hcVC3wYEziELGGmEEXue7D75zbwIIVUMWAVbHItGPx0ziyXxrOMQx4rQEVEV45Ut/1IotuEvwqPopzIOkDMf0A==
